{
  "meteor": {},
  "dependencies": {
    "basePackages": {
      "RTCMultiConnection": {}
    },
    "packages": {
      "RTCMultiConnection": {
        "git": "https://github.com/fishdude/meteor-RTCMultiConnection.git",
        "tag": "v0.0.4",
        "commit": "1c8ec7ff5e09e10c530f20bb2e276632788a86ee"
      }
    }
  }
}
